
Microsoft Visual Studio Solution File, Format Version 12.00
# Visual Studio Version 17
VisualStudioVersion = 17.14.36623.8
MinimumVisualStudioVersion = 10.0.40219.1
Project("{FAE04EC0-301F-11D3-BF4B-00C04F79EFBC}") = "ExamenWebontwikkelingSkiWebshop", "ExamenWebontwikkelingSkiWebshop\ExamenWebontwikkelingSkiWebshop.csproj", "{CD273A6A-F6B0-4ADE-A00E-2057D4F93D31}"
EndProject
Project("{FAE04EC0-301F-11D3-BF4B-00C04F79EFBC}") = "WebshopLogic", "WebshopLogic\WebshopLogic.csproj", "{33DD4733-8FDA-410B-BE31-86E296476151}"
EndProject
Global
	GlobalSection(SolutionConfigurationPlatforms) = preSolution
		Debug|Any CPU = Debug|Any CPU
		Release|Any CPU = Release|Any CPU
	EndGlobalSection
	GlobalSection(ProjectConfigurationPlatforms) = postSolution
		{CD273A6A-F6B0-4ADE-A00E-2057D4F93D31}.Debug|Any CPU.ActiveCfg = Debug|Any CPU
		{CD273A6A-F6B0-4ADE-A00E-2057D4F93D31}.Debug|Any CPU.Build.0 = Debug|Any CPU
		{CD273A6A-F6B0-4ADE-A00E-2057D4F93D31}.Release|Any CPU.ActiveCfg = Release|Any CPU
		{CD273A6A-F6B0-4ADE-A00E-2057D4F93D31}.Release|Any CPU.Build.0 = Release|Any CPU
		{33DD4733-8FDA-410B-BE31-86E296476151}.Debug|Any CPU.ActiveCfg = Debug|Any CPU
		{33DD4733-8FDA-410B-BE31-86E296476151}.Debug|Any CPU.Build.0 = Debug|Any CPU
		{33DD4733-8FDA-410B-BE31-86E296476151}.Release|Any CPU.ActiveCfg = Release|Any CPU
		{33DD4733-8FDA-410B-BE31-86E296476151}.Release|Any CPU.Build.0 = Release|Any CPU
	EndGlobalSection
	GlobalSection(SolutionProperties) = preSolution
		HideSolutionNode = FALSE
	EndGlobalSection
	GlobalSection(ExtensibilityGlobals) = postSolution
		SolutionGuid = {EE322675-521C-4E35-AD36-7D93980E1AA2}
	EndGlobalSection
EndGlobal
